
Microsoft Visual Studio Solution File, Format Version 12.00
# Visual Studio Version 17
VisualStudioVersion = 17.6.33815.320
MinimumVisualStudioVersion = 10.0.40219.1
Project("{FAE04EC0-301F-11D3-BF4B-00C04F79EFBC}") = "Boggie Web", "Boggie Web\Boggie Web.csproj", "{40E787F6-984D-4502-B9FB-B85A5F10BD15}"
EndProject
Global
	GlobalSection(SolutionConfigurationPlatforms) = preSolution
		Debug|Any CPU = Debug|Any CPU
		Release|Any CPU = Release|Any CPU
	EndGlobalSection
	GlobalSection(ProjectConfigurationPlatforms) = postSolution
		{40E787F6-984D-4502-B9FB-B85A5F10BD15}.Debug|Any CPU.ActiveCfg = Debug|Any CPU
		{40E787F6-984D-4502-B9FB-B85A5F10BD15}.Debug|Any CPU.Build.0 = Debug|Any CPU
		{40E787F6-984D-4502-B9FB-B85A5F10BD15}.Release|Any CPU.ActiveCfg = Release|Any CPU
		{40E787F6-984D-4502-B9FB-B85A5F10BD15}.Release|Any CPU.Build.0 = Release|Any CPU
	EndGlobalSection
	GlobalSection(SolutionProperties) = preSolution
		HideSolutionNode = FALSE
	EndGlobalSection
	GlobalSection(ExtensibilityGlobals) = postSolution
		SolutionGuid = {675C0342-6E29-452D-96AD-7C98F9C4DDB5}
	EndGlobalSection
EndGlobal
